// !$*UTF8*$!
{
	archiveVersion = 1;
	classes = {
	};
	objectVersion = 55;
	objects = {

/* Begin PBXBuildFile section */
		FE2232942888A78C0054C01D /* questions.swift in Sources */ = {isa = PBXBuildFile; fileRef = FE2232932888A78C0054C01D /* questions.swift */; };
		FE9787452853766600E10ECD /* main.swift in Sources */ = {isa = PBXBuildFile; fileRef = FE9787442853766600E10ECD /* main.swift */; };
		FEF3B1E2286B4B6E00ABAEFF /* BabyNames.swift in Sources */ = {isa = PBXBuildFile; fileRef = FEF3B1E1286B4B6E00ABAEFF /* BabyNames.swift */; };
		FEF3B1E4286B4D6A00ABAEFF /* FileParser.swift in Sources */ = {isa = PBXBuildFile; fileRef = FEF3B1E3286B4D6A00ABAEFF /* FileParser.swift */; };
		FEF3B1EC286B789C00ABAEFF /* WordPlay.swift in Sources */ = {isa = PBXBuildFile; fileRef = FEF3B1EB286B789C00ABAEFF /* WordPlay.swift */; };
/* End PBXBuildFile section */

/* Begin PBXCopyFilesBuildPhase section */
		FE97873F2853766600E10ECD /* CopyFiles */ = {
			isa = PBXCopyFilesBuildPhase;
			buildActionMask = 2147483647;
			dstPath = /usr/share/man/man1/;
			dstSubfolderSpec = 0;
			files = (
			);
			runOnlyForDeploymentPostprocessing = 1;
		};
/* End PBXCopyFilesBuildPhase section */

/* Begin PBXFileReference section */
		FE2232932888A78C0054C01D /* questions.swift */ = {isa = PBXFileReference; lastKnownFileType = sourcecode.swift; path = questions.swift; sourceTree = "<group>"; };
		FE44DA6E285768F600ED396A /* sowpods.txt */ = {isa = PBXFileReference; fileEncoding = 4; lastKnownFileType = text; path = sowpods.txt; sourceTree = "<group>"; };
		FE9787412853766600E10ECD /* BabyNames */ = {isa = PBXFileReference; explicitFileType = "compiled.mach-o.executable"; includeInIndex = 0; path = BabyNames; sourceTree = BUILT_PRODUCTS_DIR; };
		FE9787442853766600E10ECD /* main.swift */ = {isa = PBXFileReference; lastKnownFileType = sourcecode.swift; path = main.swift; sourceTree = "<group>"; };
		FE9787A128551E7A00E10ECD /* baby_names_1880_short.txt */ = {isa = PBXFileReference; fileEncoding = 4; lastKnownFileType = text; path = baby_names_1880_short.txt; sourceTree = "<group>"; };
		FE9787A228551E9800E10ECD /* baby_names_2020_short.txt */ = {isa = PBXFileReference; fileEncoding = 4; lastKnownFileType = text; path = baby_names_2020_short.txt; sourceTree = "<group>"; };
		FEF3B1E1286B4B6E00ABAEFF /* BabyNames.swift */ = {isa = PBXFileReference; lastKnownFileType = sourcecode.swift; path = BabyNames.swift; sourceTree = "<group>"; };
		FEF3B1E3286B4D6A00ABAEFF /* FileParser.swift */ = {isa = PBXFileReference; lastKnownFileType = sourcecode.swift; path = FileParser.swift; sourceTree = "<group>"; };
		FEF3B1EB286B789C00ABAEFF /* WordPlay.swift */ = {isa = PBXFileReference; lastKnownFileType = sourcecode.swift; path = WordPlay.swift; sourceTree = "<group>"; };
/* End PBXFileReference section */

/* Begin PBXFrameworksBuildPhase section */
		FE97873E2853766600E10ECD /* Frameworks */ = {
			isa = PBXFrameworksBuildPhase;
			buildActionMask = 2147483647;
			files = (
			);
			runOnlyForDeploymentPostprocessing = 0;
		};
/* End PBXFrameworksBuildPhase section */

/* Begin PBXGroup section */
		FE9787382853766600E10ECD = {
			isa = PBXGroup;
			children = (
				FE9787432853766600E10ECD /* BabyNames */,
				FE9787422853766600E10ECD /* Products */,
			);
			sourceTree = "<group>";
		};
		FE9787422853766600E10ECD /* Products */ = {
			isa = PBXGroup;
			children = (
				FE9787412853766600E10ECD /* BabyNames */,
			);
			name = Products;
			sourceTree = "<group>";
		};
		FE9787432853766600E10ECD /* BabyNames */ = {
			isa = PBXGroup;
			children = (
				FE9787442853766600E10ECD /* main.swift */,
				FEF3B1E3286B4D6A00ABAEFF /* FileParser.swift */,
				FEF3B1E1286B4B6E00ABAEFF /* BabyNames.swift */,
				FEF3B1EB286B789C00ABAEFF /* WordPlay.swift */,
				FE9787A128551E7A00E10ECD /* baby_names_1880_short.txt */,
				FE9787A228551E9800E10ECD /* baby_names_2020_short.txt */,
				FE44DA6E285768F600ED396A /* sowpods.txt */,
				FE2232932888A78C0054C01D /* questions.swift */,
			);
			path = BabyNames;
			sourceTree = "<group>";
		};
/* End PBXGroup section */

/* Begin PBXNativeTarget section */
		FE9787402853766600E10ECD /* BabyNames */ = {
			isa = PBXNativeTarget;
			buildConfigurationList = FE9787482853766600E10ECD /* Build configuration list for PBXNativeTarget "BabyNames" */;
			buildPhases = (
				FE97873D2853766600E10ECD /* Sources */,
				FE97873E2853766600E10ECD /* Frameworks */,
				FE97873F2853766600E10ECD /* CopyFiles */,
			);
			buildRules = (
			);
			dependencies = (
			);
			name = BabyNames;
			productName = BabyNames;
			productReference = FE9787412853766600E10ECD /* BabyNames */;
			productType = "com.apple.product-type.tool";
		};
/* End PBXNativeTarget section */

/* Begin PBXProject section */
		FE9787392853766600E10ECD /* Project object */ = {
			isa = PBXProject;
			attributes = {
				BuildIndependentTargetsInParallel = 1;
				LastSwiftUpdateCheck = 1340;
				LastUpgradeCheck = 1340;
				TargetAttributes = {
					FE9787402853766600E10ECD = {
						CreatedOnToolsVersion = 13.4.1;
					};
				};
			};
			buildConfigurationList = FE97873C2853766600E10ECD /* Build configuration list for PBXProject "BabyNames" */;
			compatibilityVersion = "Xcode 13.0";
			developmentRegion = en;
			hasScannedForEncodings = 0;
			knownRegions = (
				en,
				Base,
			);
			mainGroup = FE9787382853766600E10ECD;
			productRefGroup = FE9787422853766600E10ECD /* Products */;
			projectDirPath = "";
			projectRoot = "";
			targets = (
				FE9787402853766600E10ECD /* BabyNames */,
			);
		};
/* End PBXProject section */

/* Begin PBXSourcesBuildPhase section */
		FE97873D2853766600E10ECD /* Sources */ = {
			isa = PBXSourcesBuildPhase;
			buildActionMask = 2147483647;
			files = (
				FEF3B1E2286B4B6E00ABAEFF /* BabyNames.swift in Sources */,
				FEF3B1E4286B4D6A00ABAEFF /* FileParser.swift in Sources */,
				FE2232942888A78C0054C01D /* questions.swift in Sources */,
				FE9787452853766600E10ECD /* main.swift in Sources */,
				FEF3B1EC286B789C00ABAEFF /* WordPlay.swift in Sources */,
			);
			runOnlyForDeploymentPostprocessing = 0;
		};
/* End PBXSourcesBuildPhase section */

/* Begin XCBuildConfiguration section */
		FE9787462853766600E10ECD /* Debug */ = {
			isa = XCBuildConfiguration;
			buildSettings = {
				ALWAYS_SEARCH_USER_PATHS = NO;
				CLANG_ANALYZER_NONNULL = YES;
				CLANG_ANALYZER_NUMBER_OBJECT_CONVERSION = YES_AGGRESSIVE;
				CLANG_CXX_LANGUAGE_STANDARD = "gnu++17";
				CLANG_ENABLE_MODULES = YES;
				CLANG_ENABLE_OBJC_ARC = YES;
				CLANG_ENABLE_OBJC_WEAK = YES;
				CLANG_WARN_BLOCK_CAPTURE_AUTORELEASING = YES;
				CLANG_WARN_BOOL_CONVERSION = YES;
				CLANG_WARN_COMMA = YES;
				CLANG_WARN_CONSTANT_CONVERSION = YES;
				CLANG_WARN_DEPRECATED_OBJC_IMPLEMENTATIONS = YES;
				CLANG_WARN_DIRECT_OBJC_ISA_USAGE = YES_ERROR;
				CLANG_WARN_DOCUMENTATION_COMMENTS = YES;
				CLANG_WARN_EMPTY_BODY = YES;
				CLANG_WARN_ENUM_CONVERSION = YES;
				CLANG_WARN_INFINITE_RECURSION = YES;
				CLANG_WARN_INT_CONVERSION = YES;
				CLANG_WARN_NON_LITERAL_NULL_CONVERSION = YES;
				CLANG_WARN_OBJC_IMPLICIT_RETAIN_SELF = YES;
				CLANG_WARN_OBJC_LITERAL_CONVERSION = YES;
				CLANG_WARN_OBJC_ROOT_CLASS = YES_ERROR;
				CLANG_WARN_QUOTED_INCLUDE_IN_FRAMEWORK_HEADER = YES;
				CLANG_WARN_RANGE_LOOP_ANALYSIS = YES;
				CLANG_WARN_STRICT_PROTOTYPES = YES;
				CLANG_WARN_SUSPICIOUS_MOVE = YES;
				CLANG_WARN_UNGUARDED_AVAILABILITY = YES_AGGRESSIVE;
				CLANG_WARN_UNREACHABLE_CODE = YES;
				CLANG_WARN__DUPLICATE_METHOD_MATCH = YES;
				COPY_PHASE_STRIP = NO;
				DEBUG_INFORMATION_FORMAT = dwarf;
				ENABLE_STRICT_OBJC_MSGSEND = YES;
				ENABLE_TESTABILITY = YES;
				GCC_C_LANGUAGE_STANDARD = gnu11;
				GCC_DYNAMIC_NO_PIC = NO;
				GCC_NO_COMMON_BLOCKS = YES;
				GCC_OPTIMIZATION_LEVEL = 0;
				GCC_PREPROCESSOR_DEFINITIONS = (
					"DEBUG=1",
					"$(inherited)",
				);
				GCC_WARN_64_TO_32_BIT_CONVERSION = YES;
				GCC_WARN_ABOUT_RETURN_TYPE = YES_ERROR;
				GCC_WARN_UNDECLARED_SELECTOR = YES;
				GCC_WARN_UNINITIALIZED_AUTOS = YES_AGGRESSIVE;
				GCC_WARN_UNUSED_FUNCTION = YES;
				GCC_WARN_UNUSED_VARIABLE = YES;
				MACOSX_DEPLOYMENT_TARGET = 12.3;
				MTL_ENABLE_DEBUG_INFO = INCLUDE_SOURCE;
				MTL_FAST_MATH = YES;
				ONLY_ACTIVE_ARCH = YES;
				SDKROOT = macosx;
				SWIFT_ACTIVE_COMPILATION_CONDITIONS = DEBUG;
				SWIFT_OPTIMIZATION_LEVEL = "-Onone";
			};
			name = Debug;
		};
		FE9787472853766600E10ECD /* Release */ = {
			isa = XCBuildConfiguration;
			buildSettings = {
				ALWAYS_SEARCH_USER_PATHS = NO;
				CLANG_ANALYZER_NONNULL = YES;
				CLANG_ANALYZER_NUMBER_OBJECT_CONVERSION = YES_AGGRESSIVE;
				CLANG_CXX_LANGUAGE_STANDARD = "gnu++17";
				CLANG_ENABLE_MODULES = YES;
				CLANG_ENABLE_OBJC_ARC = YES;
				CLANG_ENABLE_OBJC_WEAK = YES;
				CLANG_WARN_BLOCK_CAPTURE_AUTORELEASING = YES;
				CLANG_WARN_BOOL_CONVERSION = YES;
				CLANG_WARN_COMMA = YES;
				CLANG_WARN_CONSTANT_CONVERSION = YES;
				CLANG_WARN_DEPRECATED_OBJC_IMPLEMENTATIONS = YES;
				CLANG_WARN_DIRECT_OBJC_ISA_USAGE = YES_ERROR;
				CLANG_WARN_DOCUMENTATION_COMMENTS = YES;
				CLANG_WARN_EMPTY_BODY = YES;
				CLANG_WARN_ENUM_CONVERSION = YES;
				CLANG_WARN_INFINITE_RECURSION = YES;
				CLANG_WARN_INT_CONVERSION = YES;
				CLANG_WARN_NON_LITERAL_NULL_CONVERSION = YES;
				CLANG_WARN_OBJC_IMPLICIT_RETAIN_SELF = YES;
				CLANG_WARN_OBJC_LITERAL_CONVERSION = YES;
				CLANG_WARN_OBJC_ROOT_CLASS = YES_ERROR;
				CLANG_WARN_QUOTED_INCLUDE_IN_FRAMEWORK_HEADER = YES;
				CLANG_WARN_RANGE_LOOP_ANALYSIS = YES;
				CLANG_WARN_STRICT_PROTOTYPES = YES;
				CLANG_WARN_SUSPICIOUS_MOVE = YES;
				CLANG_WARN_UNGUARDED_AVAILABILITY = YES_AGGRESSIVE;
				CLANG_WARN_UNREACHABLE_CODE = YES;
				CLANG_WARN__DUPLICATE_METHOD_MATCH = YES;
				COPY_PHASE_STRIP = NO;
				DEBUG_INFORMATION_FORMAT = "dwarf-with-dsym";
				ENABLE_NS_ASSERTIONS = NO;
				ENABLE_STRICT_OBJC_MSGSEND = YES;
				GCC_C_LANGUAGE_STANDARD = gnu11;
				GCC_NO_COMMON_BLOCKS = YES;
				GCC_WARN_64_TO_32_BIT_CONVERSION = YES;
				GCC_WARN_ABOUT_RETURN_TYPE = YES_ERROR;
				GCC_WARN_UNDECLARED_SELECTOR = YES;
				GCC_WARN_UNINITIALIZED_AUTOS = YES_AGGRESSIVE;
				GCC_WARN_UNUSED_FUNCTION = YES;
				GCC_WARN_UNUSED_VARIABLE = YES;
				MACOSX_DEPLOYMENT_TARGET = 12.3;
				MTL_ENABLE_DEBUG_INFO = NO;
				MTL_FAST_MATH = YES;
				SDKROOT = macosx;
				SWIFT_COMPILATION_MODE = wholemodule;
				SWIFT_OPTIMIZATION_LEVEL = "-O";
			};
			name = Release;
		};
		FE9787492853766600E10ECD /* Debug */ = {
			isa = XCBuildConfiguration;
			buildSettings = {
				CODE_SIGN_STYLE = Automatic;
				DEVELOPMENT_TEAM = 28AS7A4ZZP;
				ENABLE_HARDENED_RUNTIME = YES;
				PRODUCT_NAME = "$(TARGET_NAME)";
				SWIFT_VERSION = 5.0;
			};
			name = Debug;
		};
		FE97874A2853766600E10ECD /* Release */ = {
			isa = XCBuildConfiguration;
			buildSettings = {
				CODE_SIGN_STYLE = Automatic;
				DEVELOPMENT_TEAM = 28AS7A4ZZP;
				ENABLE_HARDENED_RUNTIME = YES;
				PRODUCT_NAME = "$(TARGET_NAME)";
				SWIFT_VERSION = 5.0;
			};
			name = Release;
		};
/* End XCBuildConfiguration section */

/* Begin XCConfigurationList section */
		FE97873C2853766600E10ECD /* Build configuration list for PBXProject "BabyNames" */ = {
			isa = XCConfigurationList;
			buildConfigurations = (
				FE9787462853766600E10ECD /* Debug */,
				FE9787472853766600E10ECD /* Release */,
			);
			defaultConfigurationIsVisible = 0;
			defaultConfigurationName = Release;
		};
		FE9787482853766600E10ECD /* Build configuration list for PBXNativeTarget "BabyNames" */ = {
			isa = XCConfigurationList;
			buildConfigurations = (
				FE9787492853766600E10ECD /* Debug */,
				FE97874A2853766600E10ECD /* Release */,
			);
			defaultConfigurationIsVisible = 0;
			defaultConfigurationName = Release;
		};
/* End XCConfigurationList section */
	};
	rootObject = FE9787392853766600E10ECD /* Project object */;
}
